// !$*UTF8*$!
{
	archiveVersion = 1;
	classes = {
	};
	objectVersion = 56;
	objects = {

/* Begin PBXBuildFile section */
		EED776712A73A2CD00D06976 /* AppDelegate.swift in Sources */ = {isa = PBXBuildFile; fileRef = EED776702A73A2CD00D06976 /* AppDelegate.swift */; };
		EED776732A73A2CD00D06976 /* SceneDelegate.swift in Sources */ = {isa = PBXBuildFile; fileRef = EED776722A73A2CD00D06976 /* SceneDelegate.swift */; };
		EED776782A73A2CD00D06976 /* Main.storyboard in Resources */ = {isa = PBXBuildFile; fileRef = EED776762A73A2CD00D06976 /* Main.storyboard */; };
		EED7767A2A73A2CE00D06976 /* Assets.xcassets in Resources */ = {isa = PBXBuildFile; fileRef = EED776792A73A2CE00D06976 /* Assets.xcassets */; };
		EED7767D2A73A2CE00D06976 /* LaunchScreen.storyboard in Resources */ = {isa = PBXBuildFile; fileRef = EED7767B2A73A2CE00D06976 /* LaunchScreen.storyboard */; };
		EED7768B2A73A37B00D06976 /* LoginVC.swift in Sources */ = {isa = PBXBuildFile; fileRef = EED7768A2A73A37B00D06976 /* LoginVC.swift */; };
		EED7768D2A73A38F00D06976 /* RegisterVC.swift in Sources */ = {isa = PBXBuildFile; fileRef = EED7768C2A73A38F00D06976 /* RegisterVC.swift */; };
		EED776932A73BE3100D06976 /* UILabel+Utility.swift in Sources */ = {isa = PBXBuildFile; fileRef = EED776922A73BE3100D06976 /* UILabel+Utility.swift */; };
		EED776952A73BFD400D06976 /* UIButton+Utility.swift in Sources */ = {isa = PBXBuildFile; fileRef = EED776942A73BFD400D06976 /* UIButton+Utility.swift */; };
/* End PBXBuildFile section */

/* Begin PBXFileReference section */
		EED7766D2A73A2CD00D06976 /* Swift_Client.app */ = {isa = PBXFileReference; explicitFileType = wrapper.application; includeInIndex = 0; path = Swift_Client.app; sourceTree = BUILT_PRODUCTS_DIR; };
		EED776702A73A2CD00D06976 /* AppDelegate.swift */ = {isa = PBXFileReference; lastKnownFileType = sourcecode.swift; path = AppDelegate.swift; sourceTree = "<group>"; };
		EED776722A73A2CD00D06976 /* SceneDelegate.swift */ = {isa = PBXFileReference; lastKnownFileType = sourcecode.swift; path = SceneDelegate.swift; sourceTree = "<group>"; };
		EED776772A73A2CD00D06976 /* Base */ = {isa = PBXFileReference; lastKnownFileType = file.storyboard; name = Base; path = Base.lproj/Main.storyboard; sourceTree = "<group>"; };
		EED776792A73A2CE00D06976 /* Assets.xcassets */ = {isa = PBXFileReference; lastKnownFileType = folder.assetcatalog; path = Assets.xcassets; sourceTree = "<group>"; };
		EED7767C2A73A2CE00D06976 /* Base */ = {isa = PBXFileReference; lastKnownFileType = file.storyboard; name = Base; path = Base.lproj/LaunchScreen.storyboard; sourceTree = "<group>"; };
		EED7767E2A73A2CE00D06976 /* Info.plist */ = {isa = PBXFileReference; lastKnownFileType = text.plist.xml; path = Info.plist; sourceTree = "<group>"; };
		EED7768A2A73A37B00D06976 /* LoginVC.swift */ = {isa = PBXFileReference; lastKnownFileType = sourcecode.swift; path = LoginVC.swift; sourceTree = "<group>"; };
		EED7768C2A73A38F00D06976 /* RegisterVC.swift */ = {isa = PBXFileReference; lastKnownFileType = sourcecode.swift; path = RegisterVC.swift; sourceTree = "<group>"; };
		EED776922A73BE3100D06976 /* UILabel+Utility.swift */ = {isa = PBXFileReference; lastKnownFileType = sourcecode.swift; name = "UILabel+Utility.swift"; path = "../../../../../Documents/UILabel+Utility.swift"; sourceTree = "<group>"; };
		EED776942A73BFD400D06976 /* UIButton+Utility.swift */ = {isa = PBXFileReference; lastKnownFileType = sourcecode.swift; name = "UIButton+Utility.swift"; path = "../../../../../Documents/UIButton+Utility.swift"; sourceTree = "<group>"; };
/* End PBXFileReference section */

/* Begin PBXFrameworksBuildPhase section */
		EED7766A2A73A2CD00D06976 /* Frameworks */ = {
			isa = PBXFrameworksBuildPhase;
			buildActionMask = 2147483647;
			files = (
			);
			runOnlyForDeploymentPostprocessing = 0;
		};
/* End PBXFrameworksBuildPhase section */

/* Begin PBXGroup section */
		EED776642A73A2CD00D06976 = {
			isa = PBXGroup;
			children = (
				EED7766F2A73A2CD00D06976 /* Swift_Client */,
				EED7766E2A73A2CD00D06976 /* Products */,
			);
			sourceTree = "<group>";
		};
		EED7766E2A73A2CD00D06976 /* Products */ = {
			isa = PBXGroup;
			children = (
				EED7766D2A73A2CD00D06976 /* Swift_Client.app */,
			);
			name = Products;
			sourceTree = "<group>";
		};
		EED7766F2A73A2CD00D06976 /* Swift_Client */ = {
			isa = PBXGroup;
			children = (
				EED776702A73A2CD00D06976 /* AppDelegate.swift */,
				EED776722A73A2CD00D06976 /* SceneDelegate.swift */,
				EED7768F2A73BDDC00D06976 /* Module */,
				EED7768E2A73BDB600D06976 /* Utility */,
				EED776762A73A2CD00D06976 /* Main.storyboard */,
				EED776792A73A2CE00D06976 /* Assets.xcassets */,
				EED7767B2A73A2CE00D06976 /* LaunchScreen.storyboard */,
				EED7767E2A73A2CE00D06976 /* Info.plist */,
			);
			path = Swift_Client;
			sourceTree = "<group>";
		};
		EED776842A73A2F300D06976 /* Login */ = {
			isa = PBXGroup;
			children = (
				EED7768A2A73A37B00D06976 /* LoginVC.swift */,
			);
			path = Login;
			sourceTree = "<group>";
		};
		EED776852A73A2FD00D06976 /* Register */ = {
			isa = PBXGroup;
			children = (
				EED7768C2A73A38F00D06976 /* RegisterVC.swift */,
			);
			path = Register;
			sourceTree = "<group>";
		};
		EED7768E2A73BDB600D06976 /* Utility */ = {
			isa = PBXGroup;
			children = (
				EED776922A73BE3100D06976 /* UILabel+Utility.swift */,
				EED776942A73BFD400D06976 /* UIButton+Utility.swift */,
			);
			path = Utility;
			sourceTree = "<group>";
		};
		EED7768F2A73BDDC00D06976 /* Module */ = {
			isa = PBXGroup;
			children = (
				EED776842A73A2F300D06976 /* Login */,
				EED776852A73A2FD00D06976 /* Register */,
			);
			path = Module;
			sourceTree = "<group>";
		};
/* End PBXGroup section */

/* Begin PBXNativeTarget section */
		EED7766C2A73A2CD00D06976 /* Swift_Client */ = {
			isa = PBXNativeTarget;
			buildConfigurationList = EED776812A73A2CE00D06976 /* Build configuration list for PBXNativeTarget "Swift_Client" */;
			buildPhases = (
				EED776692A73A2CD00D06976 /* Sources */,
				EED7766A2A73A2CD00D06976 /* Frameworks */,
				EED7766B2A73A2CD00D06976 /* Resources */,
			);
			buildRules = (
			);
			dependencies = (
			);
			name = Swift_Client;
			productName = Swift_Client;
			productReference = EED7766D2A73A2CD00D06976 /* Swift_Client.app */;
			productType = "com.apple.product-type.application";
		};
/* End PBXNativeTarget section */

/* Begin PBXProject section */
		EED776652A73A2CD00D06976 /* Project object */ = {
			isa = PBXProject;
			attributes = {
				BuildIndependentTargetsInParallel = 1;
				LastSwiftUpdateCheck = 1430;
				LastUpgradeCheck = 1430;
				TargetAttributes = {
					EED7766C2A73A2CD00D06976 = {
						CreatedOnToolsVersion = 14.3.1;
						LastSwiftMigration = 1430;
					};
				};
			};
			buildConfigurationList = EED776682A73A2CD00D06976 /* Build configuration list for PBXProject "Swift_Client" */;
			compatibilityVersion = "Xcode 14.0";
			developmentRegion = en;
			hasScannedForEncodings = 0;
			knownRegions = (
				en,
				Base,
			);
			mainGroup = EED776642A73A2CD00D06976;
			productRefGroup = EED7766E2A73A2CD00D06976 /* Products */;
			projectDirPath = "";
			projectRoot = "";
			targets = (
				EED7766C2A73A2CD00D06976 /* Swift_Client */,
			);
		};
/* End PBXProject section */

/* Begin PBXResourcesBuildPhase section */
		EED7766B2A73A2CD00D06976 /* Resources */ = {
			isa = PBXResourcesBuildPhase;
			buildActionMask = 2147483647;
			files = (
				EED7767D2A73A2CE00D06976 /* LaunchScreen.storyboard in Resources */,
				EED7767A2A73A2CE00D06976 /* Assets.xcassets in Resources */,
				EED776782A73A2CD00D06976 /* Main.storyboard in Resources */,
			);
			runOnlyForDeploymentPostprocessing = 0;
		};
/* End PBXResourcesBuildPhase section */

/* Begin PBXSourcesBuildPhase section */
		EED776692A73A2CD00D06976 /* Sources */ = {
			isa = PBXSourcesBuildPhase;
			buildActionMask = 2147483647;
			files = (
				EED776712A73A2CD00D06976 /* AppDelegate.swift in Sources */,
				EED7768D2A73A38F00D06976 /* RegisterVC.swift in Sources */,
				EED776952A73BFD400D06976 /* UIButton+Utility.swift in Sources */,
				EED776732A73A2CD00D06976 /* SceneDelegate.swift in Sources */,
				EED7768B2A73A37B00D06976 /* LoginVC.swift in Sources */,
				EED776932A73BE3100D06976 /* UILabel+Utility.swift in Sources */,
			);
			runOnlyForDeploymentPostprocessing = 0;
		};
/* End PBXSourcesBuildPhase section */

/* Begin PBXVariantGroup section */
		EED776762A73A2CD00D06976 /* Main.storyboard */ = {
			isa = PBXVariantGroup;
			children = (
				EED776772A73A2CD00D06976 /* Base */,
			);
			name = Main.storyboard;
			sourceTree = "<group>";
		};
		EED7767B2A73A2CE00D06976 /* LaunchScreen.storyboard */ = {
			isa = PBXVariantGroup;
			children = (
				EED7767C2A73A2CE00D06976 /* Base */,
			);
			name = LaunchScreen.storyboard;
			sourceTree = "<group>";
		};
/* End PBXVariantGroup section */

/* Begin XCBuildConfiguration section */
		EED7767F2A73A2CE00D06976 /* Debug */ = {
			isa = XCBuildConfiguration;
			buildSettings = {
				ALWAYS_SEARCH_USER_PATHS = NO;
				CLANG_ANALYZER_NONNULL = YES;
				CLANG_ANALYZER_NUMBER_OBJECT_CONVERSION = YES_AGGRESSIVE;
				CLANG_CXX_LANGUAGE_STANDARD = "gnu++20";
				CLANG_ENABLE_MODULES = YES;
				CLANG_ENABLE_OBJC_ARC = YES;
				CLANG_ENABLE_OBJC_WEAK = YES;
				CLANG_WARN_BLOCK_CAPTURE_AUTORELEASING = YES;
				CLANG_WARN_BOOL_CONVERSION = YES;
				CLANG_WARN_COMMA = YES;
				CLANG_WARN_CONSTANT_CONVERSION = YES;
				CLANG_WARN_DEPRECATED_OBJC_IMPLEMENTATIONS = YES;
				CLANG_WARN_DIRECT_OBJC_ISA_USAGE = YES_ERROR;
				CLANG_WARN_DOCUMENTATION_COMMENTS = YES;
				CLANG_WARN_EMPTY_BODY = YES;
				CLANG_WARN_ENUM_CONVERSION = YES;
				CLANG_WARN_INFINITE_RECURSION = YES;
				CLANG_WARN_INT_CONVERSION = YES;
				CLANG_WARN_NON_LITERAL_NULL_CONVERSION = YES;
				CLANG_WARN_OBJC_IMPLICIT_RETAIN_SELF = YES;
				CLANG_WARN_OBJC_LITERAL_CONVERSION = YES;
				CLANG_WARN_OBJC_ROOT_CLASS = YES_ERROR;
				CLANG_WARN_QUOTED_INCLUDE_IN_FRAMEWORK_HEADER = YES;
				CLANG_WARN_RANGE_LOOP_ANALYSIS = YES;
				CLANG_WARN_STRICT_PROTOTYPES = YES;
				CLANG_WARN_SUSPICIOUS_MOVE = YES;
				CLANG_WARN_UNGUARDED_AVAILABILITY = YES_AGGRESSIVE;
				CLANG_WARN_UNREACHABLE_CODE = YES;
				CLANG_WARN__DUPLICATE_METHOD_MATCH = YES;
				COPY_PHASE_STRIP = NO;
				DEBUG_INFORMATION_FORMAT = dwarf;
				ENABLE_STRICT_OBJC_MSGSEND = YES;
				ENABLE_TESTABILITY = YES;
				GCC_C_LANGUAGE_STANDARD = gnu11;
				GCC_DYNAMIC_NO_PIC = NO;
				GCC_NO_COMMON_BLOCKS = YES;
				GCC_OPTIMIZATION_LEVEL = 0;
				GCC_PREPROCESSOR_DEFINITIONS = (
					"DEBUG=1",
					"$(inherited)",
				);
				GCC_WARN_64_TO_32_BIT_CONVERSION = YES;
				GCC_WARN_ABOUT_RETURN_TYPE = YES_ERROR;
				GCC_WARN_UNDECLARED_SELECTOR = YES;
				GCC_WARN_UNINITIALIZED_AUTOS = YES_AGGRESSIVE;
				GCC_WARN_UNUSED_FUNCTION = YES;
				GCC_WARN_UNUSED_VARIABLE = YES;
				IPHONEOS_DEPLOYMENT_TARGET = 16.4;
				MTL_ENABLE_DEBUG_INFO = INCLUDE_SOURCE;
				MTL_FAST_MATH = YES;
				ONLY_ACTIVE_ARCH = YES;
				SDKROOT = iphoneos;
				SWIFT_ACTIVE_COMPILATION_CONDITIONS = DEBUG;
				SWIFT_OPTIMIZATION_LEVEL = "-Onone";
			};
			name = Debug;
		};
		EED776802A73A2CE00D06976 /* Release */ = {
			isa = XCBuildConfiguration;
			buildSettings = {
				ALWAYS_SEARCH_USER_PATHS = NO;
				CLANG_ANALYZER_NONNULL = YES;
				CLANG_ANALYZER_NUMBER_OBJECT_CONVERSION = YES_AGGRESSIVE;
				CLANG_CXX_LANGUAGE_STANDARD = "gnu++20";
				CLANG_ENABLE_MODULES = YES;
				CLANG_ENABLE_OBJC_ARC = YES;
				CLANG_ENABLE_OBJC_WEAK = YES;
				CLANG_WARN_BLOCK_CAPTURE_AUTORELEASING = YES;
				CLANG_WARN_BOOL_CONVERSION = YES;
				CLANG_WARN_COMMA = YES;
				CLANG_WARN_CONSTANT_CONVERSION = YES;
				CLANG_WARN_DEPRECATED_OBJC_IMPLEMENTATIONS = YES;
				CLANG_WARN_DIRECT_OBJC_ISA_USAGE = YES_ERROR;
				CLANG_WARN_DOCUMENTATION_COMMENTS = YES;
				CLANG_WARN_EMPTY_BODY = YES;
				CLANG_WARN_ENUM_CONVERSION = YES;
				CLANG_WARN_INFINITE_RECURSION = YES;
				CLANG_WARN_INT_CONVERSION = YES;
				CLANG_WARN_NON_LITERAL_NULL_CONVERSION = YES;
				CLANG_WARN_OBJC_IMPLICIT_RETAIN_SELF = YES;
				CLANG_WARN_OBJC_LITERAL_CONVERSION = YES;
				CLANG_WARN_OBJC_ROOT_CLASS = YES_ERROR;
				CLANG_WARN_QUOTED_INCLUDE_IN_FRAMEWORK_HEADER = YES;
				CLANG_WARN_RANGE_LOOP_ANALYSIS = YES;
				CLANG_WARN_STRICT_PROTOTYPES = YES;
				CLANG_WARN_SUSPICIOUS_MOVE = YES;
				CLANG_WARN_UNGUARDED_AVAILABILITY = YES_AGGRESSIVE;
				CLANG_WARN_UNREACHABLE_CODE = YES;
				CLANG_WARN__DUPLICATE_METHOD_MATCH = YES;
				COPY_PHASE_STRIP = NO;
				DEBUG_INFORMATION_FORMAT = "dwarf-with-dsym";
				ENABLE_NS_ASSERTIONS = NO;
				ENABLE_STRICT_OBJC_MSGSEND = YES;
				GCC_C_LANGUAGE_STANDARD = gnu11;
				GCC_NO_COMMON_BLOCKS = YES;
				GCC_WARN_64_TO_32_BIT_CONVERSION = YES;
				GCC_WARN_ABOUT_RETURN_TYPE = YES_ERROR;
				GCC_WARN_UNDECLARED_SELECTOR = YES;
				GCC_WARN_UNINITIALIZED_AUTOS = YES_AGGRESSIVE;
				GCC_WARN_UNUSED_FUNCTION = YES;
				GCC_WARN_UNUSED_VARIABLE = YES;
				IPHONEOS_DEPLOYMENT_TARGET = 16.4;
				MTL_ENABLE_DEBUG_INFO = NO;
				MTL_FAST_MATH = YES;
				SDKROOT = iphoneos;
				SWIFT_COMPILATION_MODE = wholemodule;
				SWIFT_OPTIMIZATION_LEVEL = "-O";
				VALIDATE_PRODUCT = YES;
			};
			name = Release;
		};
		EED776822A73A2CE00D06976 /* Debug */ = {
			isa = XCBuildConfiguration;
			buildSettings = {
				ASSETCATALOG_COMPILER_APPICON_NAME = AppIcon;
				ASSETCATALOG_COMPILER_GLOBAL_ACCENT_COLOR_NAME = AccentColor;
				CLANG_ENABLE_MODULES = YES;
				CODE_SIGN_STYLE = Automatic;
				CURRENT_PROJECT_VERSION = 1;
				DEVELOPMENT_TEAM = AA8R9D42PX;
				GENERATE_INFOPLIST_FILE = YES;
				INFOPLIST_FILE = Swift_Client/Info.plist;
				INFOPLIST_KEY_UIApplicationSupportsIndirectInputEvents = YES;
				INFOPLIST_KEY_UILaunchStoryboardName = LaunchScreen;
				INFOPLIST_KEY_UIMainStoryboardFile = Main;
				INFOPLIST_KEY_UISupportedInterfaceOrientations_iPad = "UIInterfaceOrientationPortrait UIInterfaceOrientationPortraitUpsideDown UIInterfaceOrientationLandscapeLeft UIInterfaceOrientationLandscapeRight";
				INFOPLIST_KEY_UISupportedInterfaceOrientations_iPhone = "UIInterfaceOrientationPortrait UIInterfaceOrientationLandscapeLeft UIInterfaceOrientationLandscapeRight";
				LD_RUNPATH_SEARCH_PATHS = (
					"$(inherited)",
					"@executable_path/Frameworks",
				);
				MARKETING_VERSION = 1.0;
				PRODUCT_BUNDLE_IDENTIFIER = "yumars.Swift-Client";
				PRODUCT_NAME = "$(TARGET_NAME)";
				SWIFT_EMIT_LOC_STRINGS = YES;
				SWIFT_OBJC_BRIDGING_HEADER = "";
				SWIFT_OPTIMIZATION_LEVEL = "-Onone";
				SWIFT_VERSION = 5.0;
				TARGETED_DEVICE_FAMILY = "1,2";
			};
			name = Debug;
		};
		EED776832A73A2CE00D06976 /* Release */ = {
			isa = XCBuildConfiguration;
			buildSettings = {
				ASSETCATALOG_COMPILER_APPICON_NAME = AppIcon;
				ASSETCATALOG_COMPILER_GLOBAL_ACCENT_COLOR_NAME = AccentColor;
				CLANG_ENABLE_MODULES = YES;
				CODE_SIGN_STYLE = Automatic;
				CURRENT_PROJECT_VERSION = 1;
				DEVELOPMENT_TEAM = AA8R9D42PX;
				GENERATE_INFOPLIST_FILE = YES;
				INFOPLIST_FILE = Swift_Client/Info.plist;
				INFOPLIST_KEY_UIApplicationSupportsIndirectInputEvents = YES;
				INFOPLIST_KEY_UILaunchStoryboardName = LaunchScreen;
				INFOPLIST_KEY_UIMainStoryboardFile = Main;
				INFOPLIST_KEY_UISupportedInterfaceOrientations_iPad = "UIInterfaceOrientationPortrait UIInterfaceOrientationPortraitUpsideDown UIInterfaceOrientationLandscapeLeft UIInterfaceOrientationLandscapeRight";
				INFOPLIST_KEY_UISupportedInterfaceOrientations_iPhone = "UIInterfaceOrientationPortrait UIInterfaceOrientationLandscapeLeft UIInterfaceOrientationLandscapeRight";
				LD_RUNPATH_SEARCH_PATHS = (
					"$(inherited)",
					"@executable_path/Frameworks",
				);
				MARKETING_VERSION = 1.0;
				PRODUCT_BUNDLE_IDENTIFIER = "yumars.Swift-Client";
				PRODUCT_NAME = "$(TARGET_NAME)";
				SWIFT_EMIT_LOC_STRINGS = YES;
				SWIFT_OBJC_BRIDGING_HEADER = "";
				SWIFT_VERSION = 5.0;
				TARGETED_DEVICE_FAMILY = "1,2";
			};
			name = Release;
		};
/* End XCBuildConfiguration section */

/* Begin XCConfigurationList section */
		EED776682A73A2CD00D06976 /* Build configuration list for PBXProject "Swift_Client" */ = {
			isa = XCConfigurationList;
			buildConfigurations = (
				EED7767F2A73A2CE00D06976 /* Debug */,
				EED776802A73A2CE00D06976 /* Release */,
			);
			defaultConfigurationIsVisible = 0;
			defaultConfigurationName = Release;
		};
		EED776812A73A2CE00D06976 /* Build configuration list for PBXNativeTarget "Swift_Client" */ = {
			isa = XCConfigurationList;
			buildConfigurations = (
				EED776822A73A2CE00D06976 /* Debug */,
				EED776832A73A2CE00D06976 /* Release */,
			);
			defaultConfigurationIsVisible = 0;
			defaultConfigurationName = Release;
		};
/* End XCConfigurationList section */
	};
	rootObject = EED776652A73A2CD00D06976 /* Project object */;
}
